{
  "lockfileVersion": 1,
  "configVersion": 1,
  "workspaces": {
    "": {
      "name": "bun",
      "dependencies": {
        "volta-json-ptr": "0.0.1-beta.2",
      },
      "devDependencies": {
        "@types/bun": "latest",
      },
      "peerDependencies": {
        "typescript": "^5",
      },
    },
  },
  "packages": {
    "@emnapi/core": ["@emnapi/core@1.9.0", "", { "dependencies": { "@emnapi/wasi-threads": "1.2.0", "tslib": "^2.4.0" } }, "sha512-0DQ98G9ZQZOxfUcQn1waV2yS8aWdZ6kJMbYCJB3oUBecjWYO1fqJ+a1DRfPF3O5JEkwqwP1A9QEN/9mYm2Yd0w=="],

    "@emnapi/runtime": ["@emnapi/runtime@1.9.0", "", { "dependencies": { "tslib": "^2.4.0" } }, "sha512-QN75eB0IH2ywSpRpNddCRfQIhmJYBCJ1x5Lb3IscKAL8bMnVAKnRg8dCoXbHzVLLH7P38N2Z3mtulB7W0J0FKw=="],

    "@emnapi/wasi-threads": ["@emnapi/wasi-threads@1.2.0", "", { "dependencies": { "tslib": "^2.4.0" } }, "sha512-N10dEJNSsUx41Z6pZsXU8FjPjpBEplgH24sfkmITrBED1/U2Esum9F3lfLrMjKHHjmi557zQn7kR9R+XWXu5Rg=="],

    "@napi-rs/wasm-runtime": ["@napi-rs/wasm-runtime@1.1.1", "", { "dependencies": { "@emnapi/core": "^1.7.1", "@emnapi/runtime": "^1.7.1", "@tybys/wasm-util": "^0.10.1" } }, "sha512-p64ah1M1ld8xjWv3qbvFwHiFVWrq1yFvV4f7w+mzaqiR4IlSgkqhcRdHwsGgomwzBH51sRY4NEowLxnaBjcW/A=="],

    "@oxc-parser/binding-android-arm-eabi": ["@oxc-parser/binding-android-arm-eabi@0.120.0", "", { "os": "android", "cpu": "arm" }, "sha512-WU3qtINx802wOl8RxAF1v0VvmC2O4D9M8Sv486nLeQ7iPHVmncYZrtBhB4SYyX+XZxj2PNnCcN+PW21jHgiOxg=="],

    "@oxc-parser/binding-android-arm64": ["@oxc-parser/binding-android-arm64@0.120.0", "", { "os": "android", "cpu": "arm64" }, "sha512-SEf80EHdhlbjZEgzeWm0ZA/br4GKMenDW3QB/gtyeTV1gStvvZeFi40ioHDZvds2m4Z9J1bUAUL8yn1/+A6iGg=="],

    "@oxc-parser/binding-darwin-arm64": ["@oxc-parser/binding-darwin-arm64@0.120.0", "", { "os": "darwin", "cpu": "arm64" }, "sha512-xVrrbCai8R8CUIBu3CjryutQnEYhZqs1maIqDvtUCFZb8vY33H7uh9mHpL3a0JBIKoBUKjPH8+rzyAeXnS2d6A=="],

    "@oxc-parser/binding-darwin-x64": ["@oxc-parser/binding-darwin-x64@0.120.0", "", { "os": "darwin", "cpu": "x64" }, "sha512-xyHBbnJ6mydnQUH7MAcafOkkrNzQC6T+LXgDH/3InEq2BWl/g424IMRiJVSpVqGjB+p2bd0h0WRR8iIwzjU7rw=="],

    "@oxc-parser/binding-freebsd-x64": ["@oxc-parser/binding-freebsd-x64@0.120.0", "", { "os": "freebsd", "cpu": "x64" }, "sha512-UMnVRllquXUYTeNfFKmxTTEdZ/ix1nLl0ducDzMSREoWYGVIHnOOxoKMWlCOvRr9Wk/HZqo2rh1jeumbPGPV9A=="],

    "@oxc-parser/binding-linux-arm-gnueabihf": ["@oxc-parser/binding-linux-arm-gnueabihf@0.120.0", "", { "os": "linux", "cpu": "arm" }, "sha512-tkvn2CQ7QdcsMnpfiX3fd3wA3EFsWKYlcQzq9cFw/xc89Al7W6Y4O0FgLVkVQpo0Tnq/qtE1XfkJOnRRA9S/NA=="],

    "@oxc-parser/binding-linux-arm-musleabihf": ["@oxc-parser/binding-linux-arm-musleabihf@0.120.0", "", { "os": "linux", "cpu": "arm" }, "sha512-WN5y135Ic42gQDk9grbwY9++fDhqf8knN6fnP+0WALlAUh4odY/BDK1nfTJRSfpJD9P3r1BwU0m3pW2DU89whQ=="],

    "@oxc-parser/binding-linux-arm64-gnu": ["@oxc-parser/binding-linux-arm64-gnu@0.120.0", "", { "os": "linux", "cpu": "arm64" }, "sha512-1GgQBCcXvFMw99EPdMy+4NZ3aYyXsxjf9kbUUg8HuAy3ZBXzOry5KfFEzT9nqmgZI1cuetvApkiJBZLAPo8uaw=="],

    "@oxc-parser/binding-linux-arm64-musl": ["@oxc-parser/binding-linux-arm64-musl@0.120.0", "", { "os": "linux", "cpu": "arm64" }, "sha512-gmMQ70gsPdDBgpcErvJEoWNBr7bJooSLlvOBVBSGfOzlP5NvJ3bFvnUeZZ9d+dPrqSngtonf7nyzWUTUj/U+lw=="],

    "@oxc-parser/binding-linux-ppc64-gnu": ["@oxc-parser/binding-linux-ppc64-gnu@0.120.0", "", { "os": "linux", "cpu": "ppc64" }, "sha512-T/kZuU0ajop0xhzVMwH5r3srC9Nqup5HaIo+3uFjIN5uPxa0LvSxC1ZqP4aQGJVW5G0z8/nCkjIfSMS91P/wzw=="],

    "@oxc-parser/binding-linux-riscv64-gnu": ["@oxc-parser/binding-linux-riscv64-gnu@0.120.0", "", { "os": "linux", "cpu": "none" }, "sha512-vn21KXLAXzaI3N5CZWlBr1iWeXLl9QFIMor7S1hUjUGTeUuWCoE6JZB040/ZNDwf+JXPX8Ao9KbmJq9FMC2iGw=="],

    "@oxc-parser/binding-linux-riscv64-musl": ["@oxc-parser/binding-linux-riscv64-musl@0.120.0", "", { "os": "linux", "cpu": "none" }, "sha512-SUbUxlar007LTGmSLGIC5x/WJvwhdX+PwNzFJ9f/nOzZOrCFbOT4ikt7pJIRg1tXVsEfzk5mWpGO1NFiSs4PIw=="],

    "@oxc-parser/binding-linux-s390x-gnu": ["@oxc-parser/binding-linux-s390x-gnu@0.120.0", "", { "os": "linux", "cpu": "s390x" }, "sha512-hYiPJTxyfJY2+lMBFk3p2bo0R9GN+TtpPFlRqVchL1qvLG+pznstramHNvJlw9AjaoRUHwp9IKR7UZQnRPGjgQ=="],

    "@oxc-parser/binding-linux-x64-gnu": ["@oxc-parser/binding-linux-x64-gnu@0.120.0", "", { "os": "linux", "cpu": "x64" }, "sha512-q+5jSVZkprJCIy3dzJpApat0InJaoxQLsJuD6DkX8hrUS61z2lHQ1Fe9L2+TYbKHXCLWbL0zXe7ovkIdopBGMQ=="],

    "@oxc-parser/binding-linux-x64-musl": ["@oxc-parser/binding-linux-x64-musl@0.120.0", "", { "os": "linux", "cpu": "x64" }, "sha512-D9QDDZNnH24e7X4ftSa6ar/2hCavETfW3uk0zgcMIrZNy459O5deTbWrjGzZiVrSWigGtlQwzs2McBP0QsfV1w=="],

    "@oxc-parser/binding-openharmony-arm64": ["@oxc-parser/binding-openharmony-arm64@0.120.0", "", { "os": "none", "cpu": "arm64" }, "sha512-TBU8ZwOUWAOUWVfmI16CYWbvh4uQb9zHnGBHsw5Cp2JUVG044OIY1CSHODLifqzQIMTXvDvLzcL89GGdUIqNrA=="],

    "@oxc-parser/binding-wasm32-wasi": ["@oxc-parser/binding-wasm32-wasi@0.120.0", "", { "dependencies": { "@napi-rs/wasm-runtime": "^1.1.1" }, "cpu": "none" }, "sha512-WG/FOZgDJCpJnuF3ToG/K28rcOmSY7FmFmfBKYb2fmLyhDzPpUldFGV7/Fz4ru0Iz/v4KPmf8xVgO8N3lO4KHA=="],

    "@oxc-parser/binding-win32-arm64-msvc": ["@oxc-parser/binding-win32-arm64-msvc@0.120.0", "", { "os": "win32", "cpu": "arm64" }, "sha512-1T0HKGcsz/BKo77t7+89L8Qvu4f9DoleKWHp3C5sJEcbCjDOLx3m9m722bWZTY+hANlUEs+yjlK+lBFsA+vrVQ=="],

    "@oxc-parser/binding-win32-ia32-msvc": ["@oxc-parser/binding-win32-ia32-msvc@0.120.0", "", { "os": "win32", "cpu": "ia32" }, "sha512-L7vfLzbOXsjBXV0rv/6Y3Jd9BRjPeCivINZAqrSyAOZN3moCopDN+Psq9ZrGNZtJzP8946MtlRFZ0Als0wBCOw=="],

    "@oxc-parser/binding-win32-x64-msvc": ["@oxc-parser/binding-win32-x64-msvc@0.120.0", "", { "os": "win32", "cpu": "x64" }, "sha512-ys+upfqNtSu58huAhJMBKl3XCkGzyVFBlMlGPzHeFKgpFF/OdgNs1MMf8oaJIbgMH8ZxgGF7qfue39eJohmKIg=="],

    "@oxc-project/types": ["@oxc-project/types@0.120.0", "", {}, "sha512-k1YNu55DuvAip/MGE1FTsIuU3FUCn6v/ujG9V7Nq5Df/kX2CWb13hhwD0lmJGMGqE+bE1MXvv9SZVnMzEXlWcg=="],

    "@tybys/wasm-util": ["@tybys/wasm-util@0.10.1", "", { "dependencies": { "tslib": "^2.4.0" } }, "sha512-9tTaPJLSiejZKx+Bmog4uSubteqTvFrVrURwkmHixBo0G4seD0zUxp98E1DzUBJxLQ3NPwXrGKDiVjwx/DpPsg=="],

    "@types/bun": ["@types/bun@1.3.10", "", { "dependencies": { "bun-types": "1.3.10" } }, "sha512-0+rlrUrOrTSskibryHbvQkDOWRJwJZqZlxrUs1u4oOoTln8+WIXBPmAuCF35SWB2z4Zl3E84Nl/D0P7803nigQ=="],

    "@types/node": ["@types/node@25.5.0", "", { "dependencies": { "undici-types": "~7.18.0" } }, "sha512-jp2P3tQMSxWugkCUKLRPVUpGaL5MVFwF8RDuSRztfwgN1wmqJeMSbKlnEtQqU8UrhTmzEmZdu2I6v2dpp7XIxw=="],

    "bun-types": ["bun-types@1.3.10", "", { "dependencies": { "@types/node": "*" } }, "sha512-tcpfCCl6XWo6nCVnpcVrxQ+9AYN1iqMIzgrSKYMB/fjLtV2eyAVEg7AxQJuCq/26R6HpKWykQXuSOq/21RYcbg=="],

    "oxc-parser": ["oxc-parser@0.120.0", "", { "dependencies": { "@oxc-project/types": "^0.120.0" }, "optionalDependencies": { "@oxc-parser/binding-android-arm-eabi": "0.120.0", "@oxc-parser/binding-android-arm64": "0.120.0", "@oxc-parser/binding-darwin-arm64": "0.120.0", "@oxc-parser/binding-darwin-x64": "0.120.0", "@oxc-parser/binding-freebsd-x64": "0.120.0", "@oxc-parser/binding-linux-arm-gnueabihf": "0.120.0", "@oxc-parser/binding-linux-arm-musleabihf": "0.120.0", "@oxc-parser/binding-linux-arm64-gnu": "0.120.0", "@oxc-parser/binding-linux-arm64-musl": "0.120.0", "@oxc-parser/binding-linux-ppc64-gnu": "0.120.0", "@oxc-parser/binding-linux-riscv64-gnu": "0.120.0", "@oxc-parser/binding-linux-riscv64-musl": "0.120.0", "@oxc-parser/binding-linux-s390x-gnu": "0.120.0", "@oxc-parser/binding-linux-x64-gnu": "0.120.0", "@oxc-parser/binding-linux-x64-musl": "0.120.0", "@oxc-parser/binding-openharmony-arm64": "0.120.0", "@oxc-parser/binding-wasm32-wasi": "0.120.0", "@oxc-parser/binding-win32-arm64-msvc": "0.120.0", "@oxc-parser/binding-win32-ia32-msvc": "0.120.0", "@oxc-parser/binding-win32-x64-msvc": "0.120.0" } }, "sha512-WyPWZlcIm+Fkte63FGfgFB8mAAk33aH9h5N9lphXVOHSXEBFFsmYdOBedVKly363aWABjZdaj/m9lBfEY4wt+w=="],

    "tslib": ["tslib@2.8.1", "", {}, "sha512-oJFu94HQb+KVduSUQL7wnpmqnfmLsOA/nAh6b6EH0wCEoK0/mPeXU6c3wKDV83MkOuHPRHtSXKKU99IBazS/2w=="],

    "typescript": ["typescript@5.9.3", "", { "bin": { "tsc": "bin/tsc", "tsserver": "bin/tsserver" } }, "sha512-jl1vZzPDinLr9eUt3J/t7V6FgNEw9QjvBPdysz9KfQDD41fQrC2Y4vKQdiaUpFT4bXlb1RHhLpp8wtm6M5TgSw=="],

    "undici-types": ["undici-types@7.18.2", "", {}, "sha512-AsuCzffGHJybSaRrmr5eHr81mwJU3kjw6M+uprWvCXiNeN9SOGwQ3Jn8jb8m3Z6izVgknn1R0FTCEAP2QrLY/w=="],

    "volta-json-ptr": ["volta-json-ptr@0.0.1-beta.2", "", { "dependencies": { "oxc-parser": "^0.120.0" } }, "sha512-Qx2GilLm6TbW5JgSzx/yuQH/UCylQUjKf0BTdplMI4LEcb6HgjcUnHHpnuif97K7Ghe8hDEP1ck1G4eBGmjCEg=="],
  }
}
